{
  "name": "tiny-export",
  "version": "0.4.0",
  "lockfileVersion": 1,
  "requires": true,
  "dependencies": {
    "ejs": {
      "version": "2.7.1",
      "resolved": "https://registry.npmjs.org/ejs/-/ejs-2.7.1.tgz",
      "integrity": "sha512-kS/gEPzZs3Y1rRsbGX4UOSjtP/CeJP0CxSNZHYxGfVM/VgLcv0ZqM7C45YyTj2DI2g7+P9Dd24C+IMIg6D0nYQ=="
    },
    "mkdir-recursive": {
      "version": "0.4.0",
      "resolved": "https://registry.npmjs.org/mkdir-recursive/-/mkdir-recursive-0.4.0.tgz",
      "integrity": "sha512-gbTtiEu8P/GSMh1lAa0YYNr8XIfDzFgnWtetw3Hfz9nw6YXySHNYOZF/uUTgyp8GHvFnNw/EG7VhOkD6zfVb6A=="
    },
    "node-fetch": {
      "version": "2.6.0",
      "resolved": "https://registry.npmjs.org/node-fetch/-/node-fetch-2.6.0.tgz",
      "integrity": "sha512-8dG4H5ujfvFiqDmVu9fQ5bOHUC15JMjMY/Zumv26oOvvVJjM67KF8koCWIabKQ1GJIa9r2mMZscBq/TbdOcmNA=="
    }
  }
}
