{
  "name": "player",
  "requires": true,
  "lockfileVersion": 1,
  "dependencies": {
    "mkdir-recursive": {
      "version": "0.4.0",
      "resolved": "https://registry.npmjs.org/mkdir-recursive/-/mkdir-recursive-0.4.0.tgz",
      "integrity": "sha512-gbTtiEu8P/GSMh1lAa0YYNr8XIfDzFgnWtetw3Hfz9nw6YXySHNYOZF/uUTgyp8GHvFnNw/EG7VhOkD6zfVb6A=="
    },
    "node-fetch": {
      "version": "2.6.0",
      "resolved": "https://registry.npmjs.org/node-fetch/-/node-fetch-2.6.0.tgz",
      "integrity": "sha512-8dG4H5ujfvFiqDmVu9fQ5bOHUC15JMjMY/Zumv26oOvvVJjM67KF8koCWIabKQ1GJIa9r2mMZscBq/TbdOcmNA=="
    },
    "outdent": {
      "version": "0.7.0",
      "resolved": "https://registry.npmjs.org/outdent/-/outdent-0.7.0.tgz",
      "integrity": "sha512-Ue462G+UIFoyQmOzapGIKWS3d/9NHeD/018WGEDZIhN2/VaQpVXbofMcZX0socv1fw4/tmEn7Vd3McOdPZfKzQ=="
    }
  }
}
